// !$*UTF8*$!
{
	archiveVersion = 1;
	classes = {
	};
	objectVersion = 50;
	objects = {

/* Begin PBXBuildFile section */
		1E23681CE1F42E67F60E4FDF /* Pods_wowsAssistant.framework in Frameworks */ = {isa = PBXBuildFile; fileRef = E27979D9BE8086C0D3CC96AB /* Pods_wowsAssistant.framework */; };
		66578B1421F1407A0096660C /* Airplane.swift in Sources */ = {isa = PBXBuildFile; fileRef = 66578B1321F1407A0096660C /* Airplane.swift */; };
		66578B1821F22CCC0096660C /* ShipInfo.swift in Sources */ = {isa = PBXBuildFile; fileRef = 66578B1721F22CCC0096660C /* ShipInfo.swift */; };
		66DEDCE52210E4C100278049 /* ShipDetailHeaderView.swift in Sources */ = {isa = PBXBuildFile; fileRef = 66DEDCE42210E4C100278049 /* ShipDetailHeaderView.swift */; };
		66DEDCE72211FE2A00278049 /* ShipViewModel.swift in Sources */ = {isa = PBXBuildFile; fileRef = 66DEDCE62211FE2A00278049 /* ShipViewModel.swift */; };
		66DEDCE9221205EB00278049 /* Consumable.swift in Sources */ = {isa = PBXBuildFile; fileRef = 66DEDCE8221205EB00278049 /* Consumable.swift */; };
		66DEDCF122132AB800278049 /* wowsAssistantTests.swift in Sources */ = {isa = PBXBuildFile; fileRef = 66DEDCF022132AB800278049 /* wowsAssistantTests.swift */; };
		66DEDCF92213669000278049 /* UIImageView++.swift in Sources */ = {isa = PBXBuildFile; fileRef = 66DEDCF82213669000278049 /* UIImageView++.swift */; };
		66DEDD19221877B600278049 /* ElementsViewController.swift in Sources */ = {isa = PBXBuildFile; fileRef = 66DEDD18221877B600278049 /* ElementsViewController.swift */; };
		66DEDD1B2218789800278049 /* ElementsTableCell.swift in Sources */ = {isa = PBXBuildFile; fileRef = 66DEDD1A2218789800278049 /* ElementsTableCell.swift */; };
		66DEDD1D221A4F2C00278049 /* CommanderSkill.swift in Sources */ = {isa = PBXBuildFile; fileRef = 66DEDD1C221A4F2B00278049 /* CommanderSkill.swift */; };
		66DEDD1F221A669B00278049 /* ElementDetailViewController.swift in Sources */ = {isa = PBXBuildFile; fileRef = 66DEDD1E221A669B00278049 /* ElementDetailViewController.swift */; };
		66DEDD21221A66AB00278049 /* ElementDetailCollectionCell.swift in Sources */ = {isa = PBXBuildFile; fileRef = 66DEDD20221A66AB00278049 /* ElementDetailCollectionCell.swift */; };
		66DEDD23221A68F500278049 /* ElementViewModel.swift in Sources */ = {isa = PBXBuildFile; fileRef = 66DEDD22221A68F500278049 /* ElementViewModel.swift */; };
		66ED358921F770A600D493D9 /* DBKeys.swift in Sources */ = {isa = PBXBuildFile; fileRef = 66ED358821F770A600D493D9 /* DBKeys.swift */; };
		66ED358E21F7BA4400D493D9 /* FindShipViewController.swift in Sources */ = {isa = PBXBuildFile; fileRef = 66ED358D21F7BA4400D493D9 /* FindShipViewController.swift */; };
		66ED359021F92BFE00D493D9 /* UIColor++.swift in Sources */ = {isa = PBXBuildFile; fileRef = 66ED358F21F92BFE00D493D9 /* UIColor++.swift */; };
		66ED359221F9606A00D493D9 /* BasicViewController.swift in Sources */ = {isa = PBXBuildFile; fileRef = 66ED359121F9606A00D493D9 /* BasicViewController.swift */; };
		66ED359421F976B200D493D9 /* HomeViewController.swift in Sources */ = {isa = PBXBuildFile; fileRef = 66ED359321F976B200D493D9 /* HomeViewController.swift */; };
		66ED359621FA151900D493D9 /* UserDefaults++.swift in Sources */ = {isa = PBXBuildFile; fileRef = 66ED359521FA151900D493D9 /* UserDefaults++.swift */; };
		66ED359821FA273200D493D9 /* UIButton++.swift in Sources */ = {isa = PBXBuildFile; fileRef = 66ED359721FA273200D493D9 /* UIButton++.swift */; };
		66ED359A21FA316D00D493D9 /* FindShipCollectionsCells.swift in Sources */ = {isa = PBXBuildFile; fileRef = 66ED359921FA316D00D493D9 /* FindShipCollectionsCells.swift */; };
		66ED359D21FE66E900D493D9 /* wowsAssistant.xcdatamodeld in Sources */ = {isa = PBXBuildFile; fileRef = 66ED359B21FE66E800D493D9 /* wowsAssistant.xcdatamodeld */; };
		66ED35A021FE710500D493D9 /* ShipInfoBasic+CoreDataClass.swift in Sources */ = {isa = PBXBuildFile; fileRef = 66ED359E21FE710500D493D9 /* ShipInfoBasic+CoreDataClass.swift */; };
		66ED35A121FE710500D493D9 /* ShipInfoBasic+CoreDataProperties.swift in Sources */ = {isa = PBXBuildFile; fileRef = 66ED359F21FE710500D493D9 /* ShipInfoBasic+CoreDataProperties.swift */; };
		66ED35A321FE71DE00D493D9 /* PersistenceManager.swift in Sources */ = {isa = PBXBuildFile; fileRef = 66ED35A221FE71DE00D493D9 /* PersistenceManager.swift */; };
		66ED35A521FEBED700D493D9 /* ShipInfoBasicManager.swift in Sources */ = {isa = PBXBuildFile; fileRef = 66ED35A421FEBED700D493D9 /* ShipInfoBasicManager.swift */; };
		66ED35A7220219E500D493D9 /* UIAlertController++.swift in Sources */ = {isa = PBXBuildFile; fileRef = 66ED35A6220219E500D493D9 /* UIAlertController++.swift */; };
		66ED35A922038FD700D493D9 /* ShipDetailViewController.swift in Sources */ = {isa = PBXBuildFile; fileRef = 66ED35A822038FD700D493D9 /* ShipDetailViewController.swift */; };
		66ED35AB2203AB3700D493D9 /* ModuleCollectionCell.swift in Sources */ = {isa = PBXBuildFile; fileRef = 66ED35AA2203AB3700D493D9 /* ModuleCollectionCell.swift */; };
		66ED35AF2203EB4500D493D9 /* ShipDetailTableCell.swift in Sources */ = {isa = PBXBuildFile; fileRef = 66ED35AE2203EB4500D493D9 /* ShipDetailTableCell.swift */; };
		66F0E36921EAA2C1003D1023 /* AppDelegate.swift in Sources */ = {isa = PBXBuildFile; fileRef = 66F0E36821EAA2C1003D1023 /* AppDelegate.swift */; };
		66F0E36B21EAA2C1003D1023 /* MainTabbarController.swift in Sources */ = {isa = PBXBuildFile; fileRef = 66F0E36A21EAA2C1003D1023 /* MainTabbarController.swift */; };
		66F0E37321EAA2C2003D1023 /* Assets.xcassets in Resources */ = {isa = PBXBuildFile; fileRef = 66F0E37221EAA2C2003D1023 /* Assets.xcassets */; };
		66F0E37621EAA2C2003D1023 /* LaunchScreen.storyboard in Resources */ = {isa = PBXBuildFile; fileRef = 66F0E37421EAA2C2003D1023 /* LaunchScreen.storyboard */; };
		66F0E37E21EAA41B003D1023 /* UIView++.swift in Sources */ = {isa = PBXBuildFile; fileRef = 66F0E37D21EAA41B003D1023 /* UIView++.swift */; };
		66F0E38121EAA50A003D1023 /* Passwords.swift in Sources */ = {isa = PBXBuildFile; fileRef = 66F0E38021EAA50A003D1023 /* Passwords.swift */; };
		66F0E38421EBDFDA003D1023 /* ApiServers.swift in Sources */ = {isa = PBXBuildFile; fileRef = 66F0E38321EBDFDA003D1023 /* ApiServers.swift */; };
		66F0E38721EBE131003D1023 /* GlobalVariable.swift in Sources */ = {isa = PBXBuildFile; fileRef = 66F0E38621EBE131003D1023 /* GlobalVariable.swift */; };
		66F0E38C21EBE861003D1023 /* Localizable.strings in Resources */ = {isa = PBXBuildFile; fileRef = 66F0E38E21EBE861003D1023 /* Localizable.strings */; };
		66F0E39321EBEAC4003D1023 /* LanguageSelectorViewController.swift in Sources */ = {isa = PBXBuildFile; fileRef = 66F0E39221EBEAC4003D1023 /* LanguageSelectorViewController.swift */; };
		66F0E39521EBEC00003D1023 /* ServiceManager.swift in Sources */ = {isa = PBXBuildFile; fileRef = 66F0E39421EBEC00003D1023 /* ServiceManager.swift */; };
		66F0E39721EBF510003D1023 /* Date++.swift in Sources */ = {isa = PBXBuildFile; fileRef = 66F0E39621EBF510003D1023 /* Date++.swift */; };
		66F0E39921EBF5EC003D1023 /* String++.swift in Sources */ = {isa = PBXBuildFile; fileRef = 66F0E39821EBF5EC003D1023 /* String++.swift */; };
		66F0E39C21EBFE5C003D1023 /* Ship.swift in Sources */ = {isa = PBXBuildFile; fileRef = 66F0E39B21EBFE5C003D1023 /* Ship.swift */; };
/* End PBXBuildFile section */

/* Begin PBXContainerItemProxy section */
		66DEDCF322132AB800278049 /* PBXContainerItemProxy */ = {
			isa = PBXContainerItemProxy;
			containerPortal = 66F0E35D21EAA2C1003D1023 /* Project object */;
			proxyType = 1;
			remoteGlobalIDString = 66F0E36421EAA2C1003D1023;
			remoteInfo = wowsAssistant;
		};
/* End PBXContainerItemProxy section */

/* Begin PBXFileReference section */
		66578B1321F1407A0096660C /* Airplane.swift */ = {isa = PBXFileReference; lastKnownFileType = sourcecode.swift; path = Airplane.swift; sourceTree = "<group>"; };
		66578B1721F22CCC0096660C /* ShipInfo.swift */ = {isa = PBXFileReference; lastKnownFileType = sourcecode.swift; path = ShipInfo.swift; sourceTree = "<group>"; };
		66DEDCE2220F75AB00278049 /* zh-Hant */ = {isa = PBXFileReference; lastKnownFileType = text.plist.strings; name = "zh-Hant"; path = "zh-Hant.lproj/LaunchScreen.strings"; sourceTree = "<group>"; };
		66DEDCE3220F75AB00278049 /* zh-Hant */ = {isa = PBXFileReference; lastKnownFileType = text.plist.strings; name = "zh-Hant"; path = "zh-Hant.lproj/Localizable.strings"; sourceTree = "<group>"; };
		66DEDCE42210E4C100278049 /* ShipDetailHeaderView.swift */ = {isa = PBXFileReference; lastKnownFileType = sourcecode.swift; path = ShipDetailHeaderView.swift; sourceTree = "<group>"; };
		66DEDCE62211FE2A00278049 /* ShipViewModel.swift */ = {isa = PBXFileReference; lastKnownFileType = sourcecode.swift; path = ShipViewModel.swift; sourceTree = "<group>"; };
		66DEDCE8221205EB00278049 /* Consumable.swift */ = {isa = PBXFileReference; lastKnownFileType = sourcecode.swift; path = Consumable.swift; sourceTree = "<group>"; };
		66DEDCEE22132AB800278049 /* wowsAssistantTests.xctest */ = {isa = PBXFileReference; explicitFileType = wrapper.cfbundle; includeInIndex = 0; path = wowsAssistantTests.xctest; sourceTree = BUILT_PRODUCTS_DIR; };
		66DEDCF022132AB800278049 /* wowsAssistantTests.swift */ = {isa = PBXFileReference; lastKnownFileType = sourcecode.swift; path = wowsAssistantTests.swift; sourceTree = "<group>"; };
		66DEDCF222132AB800278049 /* Info.plist */ = {isa = PBXFileReference; lastKnownFileType = text.plist.xml; path = Info.plist; sourceTree = "<group>"; };
		66DEDCF82213669000278049 /* UIImageView++.swift */ = {isa = PBXFileReference; lastKnownFileType = sourcecode.swift; path = "UIImageView++.swift"; sourceTree = "<group>"; };
		66DEDD18221877B600278049 /* ElementsViewController.swift */ = {isa = PBXFileReference; lastKnownFileType = sourcecode.swift; path = ElementsViewController.swift; sourceTree = "<group>"; };
		66DEDD1A2218789800278049 /* ElementsTableCell.swift */ = {isa = PBXFileReference; lastKnownFileType = sourcecode.swift; path = ElementsTableCell.swift; sourceTree = "<group>"; };
		66DEDD1C221A4F2B00278049 /* CommanderSkill.swift */ = {isa = PBXFileReference; lastKnownFileType = sourcecode.swift; path = CommanderSkill.swift; sourceTree = "<group>"; };
		66DEDD1E221A669B00278049 /* ElementDetailViewController.swift */ = {isa = PBXFileReference; lastKnownFileType = sourcecode.swift; path = ElementDetailViewController.swift; sourceTree = "<group>"; };
		66DEDD20221A66AB00278049 /* ElementDetailCollectionCell.swift */ = {isa = PBXFileReference; lastKnownFileType = sourcecode.swift; path = ElementDetailCollectionCell.swift; sourceTree = "<group>"; };
		66DEDD22221A68F500278049 /* ElementViewModel.swift */ = {isa = PBXFileReference; lastKnownFileType = sourcecode.swift; path = ElementViewModel.swift; sourceTree = "<group>"; };
		66ED358821F770A600D493D9 /* DBKeys.swift */ = {isa = PBXFileReference; lastKnownFileType = sourcecode.swift; path = DBKeys.swift; sourceTree = "<group>"; };
		66ED358D21F7BA4400D493D9 /* FindShipViewController.swift */ = {isa = PBXFileReference; lastKnownFileType = sourcecode.swift; path = FindShipViewController.swift; sourceTree = "<group>"; };
		66ED358F21F92BFE00D493D9 /* UIColor++.swift */ = {isa = PBXFileReference; lastKnownFileType = sourcecode.swift; path = "UIColor++.swift"; sourceTree = "<group>"; };
		66ED359121F9606A00D493D9 /* BasicViewController.swift */ = {isa = PBXFileReference; lastKnownFileType = sourcecode.swift; path = BasicViewController.swift; sourceTree = "<group>"; };
		66ED359321F976B200D493D9 /* HomeViewController.swift */ = {isa = PBXFileReference; lastKnownFileType = sourcecode.swift; path = HomeViewController.swift; sourceTree = "<group>"; };
		66ED359521FA151900D493D9 /* UserDefaults++.swift */ = {isa = PBXFileReference; lastKnownFileType = sourcecode.swift; path = "UserDefaults++.swift"; sourceTree = "<group>"; };
		66ED359721FA273200D493D9 /* UIButton++.swift */ = {isa = PBXFileReference; lastKnownFileType = sourcecode.swift; path = "UIButton++.swift"; sourceTree = "<group>"; };
		66ED359921FA316D00D493D9 /* FindShipCollectionsCells.swift */ = {isa = PBXFileReference; lastKnownFileType = sourcecode.swift; path = FindShipCollectionsCells.swift; sourceTree = "<group>"; };
		66ED359C21FE66E800D493D9 /* wowsAssistant.xcdatamodel */ = {isa = PBXFileReference; lastKnownFileType = wrapper.xcdatamodel; path = wowsAssistant.xcdatamodel; sourceTree = "<group>"; };
		66ED359E21FE710500D493D9 /* ShipInfoBasic+CoreDataClass.swift */ = {isa = PBXFileReference; lastKnownFileType = sourcecode.swift; name = "ShipInfoBasic+CoreDataClass.swift"; path = "/Users/xinzou/Documents/iOS/wowsAssistant/wowsAssistant/Models/ShipInfoBasic+CoreDataClass.swift"; sourceTree = "<absolute>"; };
		66ED359F21FE710500D493D9 /* ShipInfoBasic+CoreDataProperties.swift */ = {isa = PBXFileReference; lastKnownFileType = sourcecode.swift; name = "ShipInfoBasic+CoreDataProperties.swift"; path = "/Users/xinzou/Documents/iOS/wowsAssistant/wowsAssistant/Models/ShipInfoBasic+CoreDataProperties.swift"; sourceTree = "<absolute>"; };
		66ED35A221FE71DE00D493D9 /* PersistenceManager.swift */ = {isa = PBXFileReference; lastKnownFileType = sourcecode.swift; path = PersistenceManager.swift; sourceTree = "<group>"; };
		66ED35A421FEBED700D493D9 /* ShipInfoBasicManager.swift */ = {isa = PBXFileReference; lastKnownFileType = sourcecode.swift; path = ShipInfoBasicManager.swift; sourceTree = "<group>"; };
		66ED35A6220219E500D493D9 /* UIAlertController++.swift */ = {isa = PBXFileReference; lastKnownFileType = sourcecode.swift; path = "UIAlertController++.swift"; sourceTree = "<group>"; };
		66ED35A822038FD700D493D9 /* ShipDetailViewController.swift */ = {isa = PBXFileReference; lastKnownFileType = sourcecode.swift; path = ShipDetailViewController.swift; sourceTree = "<group>"; };
		66ED35AA2203AB3700D493D9 /* ModuleCollectionCell.swift */ = {isa = PBXFileReference; lastKnownFileType = sourcecode.swift; path = ModuleCollectionCell.swift; sourceTree = "<group>"; };
		66ED35AE2203EB4500D493D9 /* ShipDetailTableCell.swift */ = {isa = PBXFileReference; lastKnownFileType = sourcecode.swift; path = ShipDetailTableCell.swift; sourceTree = "<group>"; };
		66F0E36521EAA2C1003D1023 /* wowsAssistant.app */ = {isa = PBXFileReference; explicitFileType = wrapper.application; includeInIndex = 0; path = wowsAssistant.app; sourceTree = BUILT_PRODUCTS_DIR; };
		66F0E36821EAA2C1003D1023 /* AppDelegate.swift */ = {isa = PBXFileReference; lastKnownFileType = sourcecode.swift; path = AppDelegate.swift; sourceTree = "<group>"; };
		66F0E36A21EAA2C1003D1023 /* MainTabbarController.swift */ = {isa = PBXFileReference; lastKnownFileType = sourcecode.swift; path = MainTabbarController.swift; sourceTree = "<group>"; };
		66F0E37221EAA2C2003D1023 /* Assets.xcassets */ = {isa = PBXFileReference; lastKnownFileType = folder.assetcatalog; path = Assets.xcassets; sourceTree = "<group>"; };
		66F0E37521EAA2C2003D1023 /* Base */ = {isa = PBXFileReference; lastKnownFileType = file.storyboard; name = Base; path = Base.lproj/LaunchScreen.storyboard; sourceTree = "<group>"; };
		66F0E37721EAA2C2003D1023 /* Info.plist */ = {isa = PBXFileReference; lastKnownFileType = text.plist.xml; path = Info.plist; sourceTree = "<group>"; };
		66F0E37D21EAA41B003D1023 /* UIView++.swift */ = {isa = PBXFileReference; fileEncoding = 4; lastKnownFileType = sourcecode.swift; path = "UIView++.swift"; sourceTree = "<group>"; };
		66F0E38021EAA50A003D1023 /* Passwords.swift */ = {isa = PBXFileReference; lastKnownFileType = sourcecode.swift; path = Passwords.swift; sourceTree = "<group>"; };
		66F0E38321EBDFDA003D1023 /* ApiServers.swift */ = {isa = PBXFileReference; lastKnownFileType = sourcecode.swift; path = ApiServers.swift; sourceTree = "<group>"; };
		66F0E38621EBE131003D1023 /* GlobalVariable.swift */ = {isa = PBXFileReference; lastKnownFileType = sourcecode.swift; path = GlobalVariable.swift; sourceTree = "<group>"; };
		66F0E38D21EBE861003D1023 /* en */ = {isa = PBXFileReference; lastKnownFileType = text.plist.strings; name = en; path = en.lproj/Localizable.strings; sourceTree = "<group>"; };
		66F0E38F21EBE8D1003D1023 /* zh-Hans */ = {isa = PBXFileReference; lastKnownFileType = text.plist.strings; name = "zh-Hans"; path = "zh-Hans.lproj/Localizable.strings"; sourceTree = "<group>"; };
		66F0E39221EBEAC4003D1023 /* LanguageSelectorViewController.swift */ = {isa = PBXFileReference; lastKnownFileType = sourcecode.swift; path = LanguageSelectorViewController.swift; sourceTree = "<group>"; };
		66F0E39421EBEC00003D1023 /* ServiceManager.swift */ = {isa = PBXFileReference; lastKnownFileType = sourcecode.swift; path = ServiceManager.swift; sourceTree = "<group>"; };
		66F0E39621EBF510003D1023 /* Date++.swift */ = {isa = PBXFileReference; lastKnownFileType = sourcecode.swift; path = "Date++.swift"; sourceTree = "<group>"; };
		66F0E39821EBF5EC003D1023 /* String++.swift */ = {isa = PBXFileReference; lastKnownFileType = sourcecode.swift; path = "String++.swift"; sourceTree = "<group>"; };
		66F0E39B21EBFE5C003D1023 /* Ship.swift */ = {isa = PBXFileReference; lastKnownFileType = sourcecode.swift; path = Ship.swift; sourceTree = "<group>"; };
		E27979D9BE8086C0D3CC96AB /* Pods_wowsAssistant.framework */ = {isa = PBXFileReference; explicitFileType = wrapper.framework; includeInIndex = 0; path = Pods_wowsAssistant.framework; sourceTree = BUILT_PRODUCTS_DIR; };
		EE57518AC6DEF80593F92FE5 /* Pods-wowsAssistant.debug.xcconfig */ = {isa = PBXFileReference; includeInIndex = 1; lastKnownFileType = text.xcconfig; name = "Pods-wowsAssistant.debug.xcconfig"; path = "Pods/Target Support Files/Pods-wowsAssistant/Pods-wowsAssistant.debug.xcconfig"; sourceTree = "<group>"; };
		FFC3BFB9504A1BAD323B2F6C /* Pods-wowsAssistant.release.xcconfig */ = {isa = PBXFileReference; includeInIndex = 1; lastKnownFileType = text.xcconfig; name = "Pods-wowsAssistant.release.xcconfig"; path = "Pods/Target Support Files/Pods-wowsAssistant/Pods-wowsAssistant.release.xcconfig"; sourceTree = "<group>"; };
/* End PBXFileReference section */

/* Begin PBXFrameworksBuildPhase section */
		66DEDCEB22132AB800278049 /* Frameworks */ = {
			isa = PBXFrameworksBuildPhase;
			buildActionMask = 2147483647;
			files = (
			);
			runOnlyForDeploymentPostprocessing = 0;
		};
		66F0E36221EAA2C1003D1023 /* Frameworks */ = {
			isa = PBXFrameworksBuildPhase;
			buildActionMask = 2147483647;
			files = (
				1E23681CE1F42E67F60E4FDF /* Pods_wowsAssistant.framework in Frameworks */,
			);
			runOnlyForDeploymentPostprocessing = 0;
		};
/* End PBXFrameworksBuildPhase section */

/* Begin PBXGroup section */
		66DEDCEF22132AB800278049 /* wowsAssistantTests */ = {
			isa = PBXGroup;
			children = (
				66DEDCF022132AB800278049 /* wowsAssistantTests.swift */,
				66DEDCF222132AB800278049 /* Info.plist */,
			);
			path = wowsAssistantTests;
			sourceTree = "<group>";
		};
		66ED358A21F7B9C200D493D9 /* Home */ = {
			isa = PBXGroup;
			children = (
				66ED359321F976B200D493D9 /* HomeViewController.swift */,
			);
			path = Home;
			sourceTree = "<group>";
		};
		66ED358B21F7B9D500D493D9 /* FindShip */ = {
			isa = PBXGroup;
			children = (
				66ED358D21F7BA4400D493D9 /* FindShipViewController.swift */,
				66ED359921FA316D00D493D9 /* FindShipCollectionsCells.swift */,
				66ED35A822038FD700D493D9 /* ShipDetailViewController.swift */,
				66ED35AA2203AB3700D493D9 /* ModuleCollectionCell.swift */,
				66ED35AE2203EB4500D493D9 /* ShipDetailTableCell.swift */,
				66DEDCE42210E4C100278049 /* ShipDetailHeaderView.swift */,
			);
			path = FindShip;
			sourceTree = "<group>";
		};
		66ED358C21F7B9F600D493D9 /* Elements */ = {
			isa = PBXGroup;
			children = (
				66DEDD18221877B600278049 /* ElementsViewController.swift */,
				66DEDD1A2218789800278049 /* ElementsTableCell.swift */,
				66DEDD1E221A669B00278049 /* ElementDetailViewController.swift */,
				66DEDD20221A66AB00278049 /* ElementDetailCollectionCell.swift */,
			);
			path = Elements;
			sourceTree = "<group>";
		};
		66F0E35C21EAA2C1003D1023 = {
			isa = PBXGroup;
			children = (
				66F0E36721EAA2C1003D1023 /* wowsAssistant */,
				66DEDCEF22132AB800278049 /* wowsAssistantTests */,
				66F0E36621EAA2C1003D1023 /* Products */,
				EF148A037CC866EAA6B7CE2A /* Pods */,
				8A33720541C94428CB460CC5 /* Frameworks */,
			);
			sourceTree = "<group>";
		};
		66F0E36621EAA2C1003D1023 /* Products */ = {
			isa = PBXGroup;
			children = (
				66F0E36521EAA2C1003D1023 /* wowsAssistant.app */,
				66DEDCEE22132AB800278049 /* wowsAssistantTests.xctest */,
			);
			name = Products;
			sourceTree = "<group>";
		};
		66F0E36721EAA2C1003D1023 /* wowsAssistant */ = {
			isa = PBXGroup;
			children = (
				66F0E36821EAA2C1003D1023 /* AppDelegate.swift */,
				66F0E37221EAA2C2003D1023 /* Assets.xcassets */,
				66F0E38521EBE114003D1023 /* Configs */,
				66F0E39A21EBFE24003D1023 /* Models */,
				66F0E39021EBEA70003D1023 /* ViewControllers */,
				66F0E38221EBDF0D003D1023 /* Managers */,
				66F0E38821EBE409003D1023 /* Supports */,
				66F0E37F21EAA42E003D1023 /* Helpers */,
				66F0E37721EAA2C2003D1023 /* Info.plist */,
				66F0E37421EAA2C2003D1023 /* LaunchScreen.storyboard */,
				66ED359B21FE66E800D493D9 /* wowsAssistant.xcdatamodeld */,
			);
			path = wowsAssistant;
			sourceTree = "<group>";
		};
		66F0E37F21EAA42E003D1023 /* Helpers */ = {
			isa = PBXGroup;
			children = (
				66F0E37D21EAA41B003D1023 /* UIView++.swift */,
				66F0E39621EBF510003D1023 /* Date++.swift */,
				66F0E39821EBF5EC003D1023 /* String++.swift */,
				66ED358F21F92BFE00D493D9 /* UIColor++.swift */,
				66ED359521FA151900D493D9 /* UserDefaults++.swift */,
				66ED359721FA273200D493D9 /* UIButton++.swift */,
				66ED35A6220219E500D493D9 /* UIAlertController++.swift */,
				66DEDCF82213669000278049 /* UIImageView++.swift */,
			);
			path = Helpers;
			sourceTree = "<group>";
		};
		66F0E38221EBDF0D003D1023 /* Managers */ = {
			isa = PBXGroup;
			children = (
				66F0E38321EBDFDA003D1023 /* ApiServers.swift */,
				66ED358821F770A600D493D9 /* DBKeys.swift */,
				66F0E39421EBEC00003D1023 /* ServiceManager.swift */,
				66ED35A221FE71DE00D493D9 /* PersistenceManager.swift */,
				66ED35A421FEBED700D493D9 /* ShipInfoBasicManager.swift */,
			);
			path = Managers;
			sourceTree = "<group>";
		};
		66F0E38521EBE114003D1023 /* Configs */ = {
			isa = PBXGroup;
			children = (
				66F0E38621EBE131003D1023 /* GlobalVariable.swift */,
				66F0E38021EAA50A003D1023 /* Passwords.swift */,
			);
			path = Configs;
			sourceTree = "<group>";
		};
		66F0E38821EBE409003D1023 /* Supports */ = {
			isa = PBXGroup;
			children = (
				66F0E38E21EBE861003D1023 /* Localizable.strings */,
			);
			path = Supports;
			sourceTree = "<group>";
		};
		66F0E39021EBEA70003D1023 /* ViewControllers */ = {
			isa = PBXGroup;
			children = (
				66F0E36A21EAA2C1003D1023 /* MainTabbarController.swift */,
				66ED359121F9606A00D493D9 /* BasicViewController.swift */,
				66ED358A21F7B9C200D493D9 /* Home */,
				66ED358B21F7B9D500D493D9 /* FindShip */,
				66ED358C21F7B9F600D493D9 /* Elements */,
				66F0E39121EBEA90003D1023 /* PlayerInfo */,
			);
			path = ViewControllers;
			sourceTree = "<group>";
		};
		66F0E39121EBEA90003D1023 /* PlayerInfo */ = {
			isa = PBXGroup;
			children = (
				66F0E39221EBEAC4003D1023 /* LanguageSelectorViewController.swift */,
			);
			path = PlayerInfo;
			sourceTree = "<group>";
		};
		66F0E39A21EBFE24003D1023 /* Models */ = {
			isa = PBXGroup;
			children = (
				66ED359E21FE710500D493D9 /* ShipInfoBasic+CoreDataClass.swift */,
				66ED359F21FE710500D493D9 /* ShipInfoBasic+CoreDataProperties.swift */,
				66578B1721F22CCC0096660C /* ShipInfo.swift */,
				66F0E39B21EBFE5C003D1023 /* Ship.swift */,
				66DEDCE62211FE2A00278049 /* ShipViewModel.swift */,
				66578B1321F1407A0096660C /* Airplane.swift */,
				66DEDCE8221205EB00278049 /* Consumable.swift */,
				66DEDD1C221A4F2B00278049 /* CommanderSkill.swift */,
				66DEDD22221A68F500278049 /* ElementViewModel.swift */,
			);
			path = Models;
			sourceTree = "<group>";
		};
		8A33720541C94428CB460CC5 /* Frameworks */ = {
			isa = PBXGroup;
			children = (
				E27979D9BE8086C0D3CC96AB /* Pods_wowsAssistant.framework */,
			);
			name = Frameworks;
			sourceTree = "<group>";
		};
		EF148A037CC866EAA6B7CE2A /* Pods */ = {
			isa = PBXGroup;
			children = (
				EE57518AC6DEF80593F92FE5 /* Pods-wowsAssistant.debug.xcconfig */,
				FFC3BFB9504A1BAD323B2F6C /* Pods-wowsAssistant.release.xcconfig */,
			);
			name = Pods;
			sourceTree = "<group>";
		};
/* End PBXGroup section */

/* Begin PBXNativeTarget section */
		66DEDCED22132AB800278049 /* wowsAssistantTests */ = {
			isa = PBXNativeTarget;
			buildConfigurationList = 66DEDCF522132AB800278049 /* Build configuration list for PBXNativeTarget "wowsAssistantTests" */;
			buildPhases = (
				66DEDCEA22132AB800278049 /* Sources */,
				66DEDCEB22132AB800278049 /* Frameworks */,
				66DEDCEC22132AB800278049 /* Resources */,
			);
			buildRules = (
			);
			dependencies = (
				66DEDCF422132AB800278049 /* PBXTargetDependency */,
			);
			name = wowsAssistantTests;
			productName = wowsAssistantTests;
			productReference = 66DEDCEE22132AB800278049 /* wowsAssistantTests.xctest */;
			productType = "com.apple.product-type.bundle.unit-test";
		};
		66F0E36421EAA2C1003D1023 /* wowsAssistant */ = {
			isa = PBXNativeTarget;
			buildConfigurationList = 66F0E37A21EAA2C2003D1023 /* Build configuration list for PBXNativeTarget "wowsAssistant" */;
			buildPhases = (
				F30F954D76238F5BB497CB83 /* [CP] Check Pods Manifest.lock */,
				66F0E36121EAA2C1003D1023 /* Sources */,
				66F0E36221EAA2C1003D1023 /* Frameworks */,
				66F0E36321EAA2C1003D1023 /* Resources */,
				4CD07A7BE23E0B4FCE1C5BCE /* [CP] Embed Pods Frameworks */,
			);
			buildRules = (
			);
			dependencies = (
			);
			name = wowsAssistant;
			productName = wowsAssistant;
			productReference = 66F0E36521EAA2C1003D1023 /* wowsAssistant.app */;
			productType = "com.apple.product-type.application";
		};
/* End PBXNativeTarget section */

/* Begin PBXProject section */
		66F0E35D21EAA2C1003D1023 /* Project object */ = {
			isa = PBXProject;
			attributes = {
				LastSwiftUpdateCheck = 1010;
				LastUpgradeCheck = 1010;
				ORGANIZATIONNAME = "Xin Zou";
				TargetAttributes = {
					66DEDCED22132AB800278049 = {
						CreatedOnToolsVersion = 10.1;
						TestTargetID = 66F0E36421EAA2C1003D1023;
					};
					66F0E36421EAA2C1003D1023 = {
						CreatedOnToolsVersion = 10.1;
					};
				};
			};
			buildConfigurationList = 66F0E36021EAA2C1003D1023 /* Build configuration list for PBXProject "wowsAssistant" */;
			compatibilityVersion = "Xcode 9.3";
			developmentRegion = en;
			hasScannedForEncodings = 0;
			knownRegions = (
				en,
				Base,
				"zh-Hans",
				"zh-Hant",
			);
			mainGroup = 66F0E35C21EAA2C1003D1023;
			productRefGroup = 66F0E36621EAA2C1003D1023 /* Products */;
			projectDirPath = "";
			projectRoot = "";
			targets = (
				66F0E36421EAA2C1003D1023 /* wowsAssistant */,
				66DEDCED22132AB800278049 /* wowsAssistantTests */,
			);
		};
/* End PBXProject section */

/* Begin PBXResourcesBuildPhase section */
		66DEDCEC22132AB800278049 /* Resources */ = {
			isa = PBXResourcesBuildPhase;
			buildActionMask = 2147483647;
			files = (
			);
			runOnlyForDeploymentPostprocessing = 0;
		};
		66F0E36321EAA2C1003D1023 /* Resources */ = {
			isa = PBXResourcesBuildPhase;
			buildActionMask = 2147483647;
			files = (
				66F0E37621EAA2C2003D1023 /* LaunchScreen.storyboard in Resources */,
				66F0E38C21EBE861003D1023 /* Localizable.strings in Resources */,
				66F0E37321EAA2C2003D1023 /* Assets.xcassets in Resources */,
			);
			runOnlyForDeploymentPostprocessing = 0;
		};
/* End PBXResourcesBuildPhase section */

/* Begin PBXShellScriptBuildPhase section */
		4CD07A7BE23E0B4FCE1C5BCE /* [CP] Embed Pods Frameworks */ = {
			isa = PBXShellScriptBuildPhase;
			buildActionMask = 2147483647;
			files = (
			);
			inputFileListPaths = (
			);
			inputPaths = (
				"${SRCROOT}/Pods/Target Support Files/Pods-wowsAssistant/Pods-wowsAssistant-frameworks.sh",
				"${BUILT_PRODUCTS_DIR}/Alamofire/Alamofire.framework",
				"${BUILT_PRODUCTS_DIR}/AlamofireImage/AlamofireImage.framework",
				"${BUILT_PRODUCTS_DIR}/Unbox/Unbox.framework",
			);
			name = "[CP] Embed Pods Frameworks";
			outputFileListPaths = (
			);
			outputPaths = (
				"${TARGET_BUILD_DIR}/${FRAMEWORKS_FOLDER_PATH}/Alamofire.framework",
				"${TARGET_BUILD_DIR}/${FRAMEWORKS_FOLDER_PATH}/AlamofireImage.framework",
				"${TARGET_BUILD_DIR}/${FRAMEWORKS_FOLDER_PATH}/Unbox.framework",
			);
			runOnlyForDeploymentPostprocessing = 0;
			shellPath = /bin/sh;
			shellScript = "\"${SRCROOT}/Pods/Target Support Files/Pods-wowsAssistant/Pods-wowsAssistant-frameworks.sh\"\n";
			showEnvVarsInLog = 0;
		};
		F30F954D76238F5BB497CB83 /* [CP] Check Pods Manifest.lock */ = {
			isa = PBXShellScriptBuildPhase;
			buildActionMask = 2147483647;
			files = (
			);
			inputFileListPaths = (
			);
			inputPaths = (
				"${PODS_PODFILE_DIR_PATH}/Podfile.lock",
				"${PODS_ROOT}/Manifest.lock",
			);
			name = "[CP] Check Pods Manifest.lock";
			outputFileListPaths = (
			);
			outputPaths = (
				"$(DERIVED_FILE_DIR)/Pods-wowsAssistant-checkManifestLockResult.txt",
			);
			runOnlyForDeploymentPostprocessing = 0;
			shellPath = /bin/sh;
			shellScript = "diff \"${PODS_PODFILE_DIR_PATH}/Podfile.lock\" \"${PODS_ROOT}/Manifest.lock\" > /dev/null\nif [ $? != 0 ] ; then\n    # print error to STDERR\n    echo \"error: The sandbox is not in sync with the Podfile.lock. Run 'pod install' or update your CocoaPods installation.\" >&2\n    exit 1\nfi\n# This output is used by Xcode 'outputs' to avoid re-running this script phase.\necho \"SUCCESS\" > \"${SCRIPT_OUTPUT_FILE_0}\"\n";
			showEnvVarsInLog = 0;
		};
/* End PBXShellScriptBuildPhase section */

/* Begin PBXSourcesBuildPhase section */
		66DEDCEA22132AB800278049 /* Sources */ = {
			isa = PBXSourcesBuildPhase;
			buildActionMask = 2147483647;
			files = (
				66DEDCF122132AB800278049 /* wowsAssistantTests.swift in Sources */,
			);
			runOnlyForDeploymentPostprocessing = 0;
		};
		66F0E36121EAA2C1003D1023 /* Sources */ = {
			isa = PBXSourcesBuildPhase;
			buildActionMask = 2147483647;
			files = (
				66ED359A21FA316D00D493D9 /* FindShipCollectionsCells.swift in Sources */,
				66ED35A321FE71DE00D493D9 /* PersistenceManager.swift in Sources */,
				66ED359621FA151900D493D9 /* UserDefaults++.swift in Sources */,
				66DEDCE9221205EB00278049 /* Consumable.swift in Sources */,
				66ED35AF2203EB4500D493D9 /* ShipDetailTableCell.swift in Sources */,
				66ED35A922038FD700D493D9 /* ShipDetailViewController.swift in Sources */,
				66F0E38721EBE131003D1023 /* GlobalVariable.swift in Sources */,
				66DEDD23221A68F500278049 /* ElementViewModel.swift in Sources */,
				66DEDCE52210E4C100278049 /* ShipDetailHeaderView.swift in Sources */,
				66ED359221F9606A00D493D9 /* BasicViewController.swift in Sources */,
				66ED359421F976B200D493D9 /* HomeViewController.swift in Sources */,
				66DEDD1F221A669B00278049 /* ElementDetailViewController.swift in Sources */,
				66F0E39C21EBFE5C003D1023 /* Ship.swift in Sources */,
				66ED359821FA273200D493D9 /* UIButton++.swift in Sources */,
				66F0E38121EAA50A003D1023 /* Passwords.swift in Sources */,
				66578B1821F22CCC0096660C /* ShipInfo.swift in Sources */,
				66ED35A521FEBED700D493D9 /* ShipInfoBasicManager.swift in Sources */,
				66DEDCE72211FE2A00278049 /* ShipViewModel.swift in Sources */,
				66ED359021F92BFE00D493D9 /* UIColor++.swift in Sources */,
				66F0E37E21EAA41B003D1023 /* UIView++.swift in Sources */,
				66F0E39321EBEAC4003D1023 /* LanguageSelectorViewController.swift in Sources */,
				66F0E39921EBF5EC003D1023 /* String++.swift in Sources */,
				66578B1421F1407A0096660C /* Airplane.swift in Sources */,
				66ED358921F770A600D493D9 /* DBKeys.swift in Sources */,
				66ED35A7220219E500D493D9 /* UIAlertController++.swift in Sources */,
				66F0E39521EBEC00003D1023 /* ServiceManager.swift in Sources */,
				66DEDD19221877B600278049 /* ElementsViewController.swift in Sources */,
				66ED359D21FE66E900D493D9 /* wowsAssistant.xcdatamodeld in Sources */,
				66ED358E21F7BA4400D493D9 /* FindShipViewController.swift in Sources */,
				66DEDD21221A66AB00278049 /* ElementDetailCollectionCell.swift in Sources */,
				66F0E38421EBDFDA003D1023 /* ApiServers.swift in Sources */,
				66F0E39721EBF510003D1023 /* Date++.swift in Sources */,
				66ED35A021FE710500D493D9 /* ShipInfoBasic+CoreDataClass.swift in Sources */,
				66F0E36B21EAA2C1003D1023 /* MainTabbarController.swift in Sources */,
				66DEDD1D221A4F2C00278049 /* CommanderSkill.swift in Sources */,
				66DEDD1B2218789800278049 /* ElementsTableCell.swift in Sources */,
				66ED35A121FE710500D493D9 /* ShipInfoBasic+CoreDataProperties.swift in Sources */,
				66F0E36921EAA2C1003D1023 /* AppDelegate.swift in Sources */,
				66DEDCF92213669000278049 /* UIImageView++.swift in Sources */,
				66ED35AB2203AB3700D493D9 /* ModuleCollectionCell.swift in Sources */,
			);
			runOnlyForDeploymentPostprocessing = 0;
		};
/* End PBXSourcesBuildPhase section */

/* Begin PBXTargetDependency section */
		66DEDCF422132AB800278049 /* PBXTargetDependency */ = {
			isa = PBXTargetDependency;
			target = 66F0E36421EAA2C1003D1023 /* wowsAssistant */;
			targetProxy = 66DEDCF322132AB800278049 /* PBXContainerItemProxy */;
		};
/* End PBXTargetDependency section */

/* Begin PBXVariantGroup section */
		66F0E37421EAA2C2003D1023 /* LaunchScreen.storyboard */ = {
			isa = PBXVariantGroup;
			children = (
				66F0E37521EAA2C2003D1023 /* Base */,
				66DEDCE2220F75AB00278049 /* zh-Hant */,
			);
			name = LaunchScreen.storyboard;
			sourceTree = "<group>";
		};
		66F0E38E21EBE861003D1023 /* Localizable.strings */ = {
			isa = PBXVariantGroup;
			children = (
				66F0E38D21EBE861003D1023 /* en */,
				66F0E38F21EBE8D1003D1023 /* zh-Hans */,
				66DEDCE3220F75AB00278049 /* zh-Hant */,
			);
			name = Localizable.strings;
			sourceTree = "<group>";
		};
/* End PBXVariantGroup section */

/* Begin XCBuildConfiguration section */
		66DEDCF622132AB800278049 /* Debug */ = {
			isa = XCBuildConfiguration;
			buildSettings = {
				BUNDLE_LOADER = "$(TEST_HOST)";
				CODE_SIGN_STYLE = Automatic;
				DEVELOPMENT_TEAM = 6S4EWJH888;
				INFOPLIST_FILE = wowsAssistantTests/Info.plist;
				LD_RUNPATH_SEARCH_PATHS = (
					"$(inherited)",
					"@executable_path/Frameworks",
					"@loader_path/Frameworks",
				);
				PRODUCT_BUNDLE_IDENTIFIER = edu.stevens.xinzou.wowsAssistantTests;
				PRODUCT_NAME = "$(TARGET_NAME)";
				SWIFT_VERSION = 4.2;
				TARGETED_DEVICE_FAMILY = "1,2";
				TEST_HOST = "$(BUILT_PRODUCTS_DIR)/wowsAssistant.app/wowsAssistant";
			};
			name = Debug;
		};
		66DEDCF722132AB800278049 /* Release */ = {
			isa = XCBuildConfiguration;
			buildSettings = {
				BUNDLE_LOADER = "$(TEST_HOST)";
				CODE_SIGN_STYLE = Automatic;
				DEVELOPMENT_TEAM = 6S4EWJH888;
				INFOPLIST_FILE = wowsAssistantTests/Info.plist;
				LD_RUNPATH_SEARCH_PATHS = (
					"$(inherited)",
					"@executable_path/Frameworks",
					"@loader_path/Frameworks",
				);
				PRODUCT_BUNDLE_IDENTIFIER = edu.stevens.xinzou.wowsAssistantTests;
				PRODUCT_NAME = "$(TARGET_NAME)";
				SWIFT_VERSION = 4.2;
				TARGETED_DEVICE_FAMILY = "1,2";
				TEST_HOST = "$(BUILT_PRODUCTS_DIR)/wowsAssistant.app/wowsAssistant";
			};
			name = Release;
		};
		66F0E37821EAA2C2003D1023 /* Debug */ = {
			isa = XCBuildConfiguration;
			buildSettings = {
				ALWAYS_SEARCH_USER_PATHS = NO;
				CLANG_ANALYZER_LOCALIZABILITY_NONLOCALIZED = YES;
				CLANG_ANALYZER_NONNULL = YES;
				CLANG_ANALYZER_NUMBER_OBJECT_CONVERSION = YES_AGGRESSIVE;
				CLANG_CXX_LANGUAGE_STANDARD = "gnu++14";
				CLANG_CXX_LIBRARY = "libc++";
				CLANG_ENABLE_MODULES = YES;
				CLANG_ENABLE_OBJC_ARC = YES;
				CLANG_ENABLE_OBJC_WEAK = YES;
				CLANG_WARN_BLOCK_CAPTURE_AUTORELEASING = YES;
				CLANG_WARN_BOOL_CONVERSION = YES;
				CLANG_WARN_COMMA = YES;
				CLANG_WARN_CONSTANT_CONVERSION = YES;
				CLANG_WARN_DEPRECATED_OBJC_IMPLEMENTATIONS = YES;
				CLANG_WARN_DIRECT_OBJC_ISA_USAGE = YES_ERROR;
				CLANG_WARN_DOCUMENTATION_COMMENTS = YES;
				CLANG_WARN_EMPTY_BODY = YES;
				CLANG_WARN_ENUM_CONVERSION = YES;
				CLANG_WARN_INFINITE_RECURSION = YES;
				CLANG_WARN_INT_CONVERSION = YES;
				CLANG_WARN_NON_LITERAL_NULL_CONVERSION = YES;
				CLANG_WARN_OBJC_IMPLICIT_RETAIN_SELF = YES;
				CLANG_WARN_OBJC_LITERAL_CONVERSION = YES;
				CLANG_WARN_OBJC_ROOT_CLASS = YES_ERROR;
				CLANG_WARN_RANGE_LOOP_ANALYSIS = YES;
				CLANG_WARN_STRICT_PROTOTYPES = YES;
				CLANG_WARN_SUSPICIOUS_MOVE = YES;
				CLANG_WARN_UNGUARDED_AVAILABILITY = YES_AGGRESSIVE;
				CLANG_WARN_UNREACHABLE_CODE = YES;
				CLANG_WARN__DUPLICATE_METHOD_MATCH = YES;
				CODE_SIGN_IDENTITY = "iPhone Developer";
				COPY_PHASE_STRIP = NO;
				DEBUG_INFORMATION_FORMAT = dwarf;
				ENABLE_STRICT_OBJC_MSGSEND = YES;
				ENABLE_TESTABILITY = YES;
				GCC_C_LANGUAGE_STANDARD = gnu11;
				GCC_DYNAMIC_NO_PIC = NO;
				GCC_NO_COMMON_BLOCKS = YES;
				GCC_OPTIMIZATION_LEVEL = 0;
				GCC_PREPROCESSOR_DEFINITIONS = (
					"DEBUG=1",
					"$(inherited)",
				);
				GCC_WARN_64_TO_32_BIT_CONVERSION = YES;
				GCC_WARN_ABOUT_RETURN_TYPE = YES_ERROR;
				GCC_WARN_UNDECLARED_SELECTOR = YES;
				GCC_WARN_UNINITIALIZED_AUTOS = YES_AGGRESSIVE;
				GCC_WARN_UNUSED_FUNCTION = YES;
				GCC_WARN_UNUSED_VARIABLE = YES;
				IPHONEOS_DEPLOYMENT_TARGET = 12.1;
				MTL_ENABLE_DEBUG_INFO = INCLUDE_SOURCE;
				MTL_FAST_MATH = YES;
				ONLY_ACTIVE_ARCH = YES;
				SDKROOT = iphoneos;
				SWIFT_ACTIVE_COMPILATION_CONDITIONS = DEBUG;
				SWIFT_OPTIMIZATION_LEVEL = "-Onone";
			};
			name = Debug;
		};
		66F0E37921EAA2C2003D1023 /* Release */ = {
			isa = XCBuildConfiguration;
			buildSettings = {
				ALWAYS_SEARCH_USER_PATHS = NO;
				CLANG_ANALYZER_LOCALIZABILITY_NONLOCALIZED = YES;
				CLANG_ANALYZER_NONNULL = YES;
				CLANG_ANALYZER_NUMBER_OBJECT_CONVERSION = YES_AGGRESSIVE;
				CLANG_CXX_LANGUAGE_STANDARD = "gnu++14";
				CLANG_CXX_LIBRARY = "libc++";
				CLANG_ENABLE_MODULES = YES;
				CLANG_ENABLE_OBJC_ARC = YES;
				CLANG_ENABLE_OBJC_WEAK = YES;
				CLANG_WARN_BLOCK_CAPTURE_AUTORELEASING = YES;
				CLANG_WARN_BOOL_CONVERSION = YES;
				CLANG_WARN_COMMA = YES;
				CLANG_WARN_CONSTANT_CONVERSION = YES;
				CLANG_WARN_DEPRECATED_OBJC_IMPLEMENTATIONS = YES;
				CLANG_WARN_DIRECT_OBJC_ISA_USAGE = YES_ERROR;
				CLANG_WARN_DOCUMENTATION_COMMENTS = YES;
				CLANG_WARN_EMPTY_BODY = YES;
				CLANG_WARN_ENUM_CONVERSION = YES;
				CLANG_WARN_INFINITE_RECURSION = YES;
				CLANG_WARN_INT_CONVERSION = YES;
				CLANG_WARN_NON_LITERAL_NULL_CONVERSION = YES;
				CLANG_WARN_OBJC_IMPLICIT_RETAIN_SELF = YES;
				CLANG_WARN_OBJC_LITERAL_CONVERSION = YES;
				CLANG_WARN_OBJC_ROOT_CLASS = YES_ERROR;
				CLANG_WARN_RANGE_LOOP_ANALYSIS = YES;
				CLANG_WARN_STRICT_PROTOTYPES = YES;
				CLANG_WARN_SUSPICIOUS_MOVE = YES;
				CLANG_WARN_UNGUARDED_AVAILABILITY = YES_AGGRESSIVE;
				CLANG_WARN_UNREACHABLE_CODE = YES;
				CLANG_WARN__DUPLICATE_METHOD_MATCH = YES;
				CODE_SIGN_IDENTITY = "iPhone Developer";
				COPY_PHASE_STRIP = NO;
				DEBUG_INFORMATION_FORMAT = "dwarf-with-dsym";
				ENABLE_NS_ASSERTIONS = NO;
				ENABLE_STRICT_OBJC_MSGSEND = YES;
				GCC_C_LANGUAGE_STANDARD = gnu11;
				GCC_NO_COMMON_BLOCKS = YES;
				GCC_WARN_64_TO_32_BIT_CONVERSION = YES;
				GCC_WARN_ABOUT_RETURN_TYPE = YES_ERROR;
				GCC_WARN_UNDECLARED_SELECTOR = YES;
				GCC_WARN_UNINITIALIZED_AUTOS = YES_AGGRESSIVE;
				GCC_WARN_UNUSED_FUNCTION = YES;
				GCC_WARN_UNUSED_VARIABLE = YES;
				IPHONEOS_DEPLOYMENT_TARGET = 12.1;
				MTL_ENABLE_DEBUG_INFO = NO;
				MTL_FAST_MATH = YES;
				SDKROOT = iphoneos;
				SWIFT_COMPILATION_MODE = wholemodule;
				SWIFT_OPTIMIZATION_LEVEL = "-O";
				VALIDATE_PRODUCT = YES;
			};
			name = Release;
		};
		66F0E37B21EAA2C2003D1023 /* Debug */ = {
			isa = XCBuildConfiguration;
			baseConfigurationReference = EE57518AC6DEF80593F92FE5 /* Pods-wowsAssistant.debug.xcconfig */;
			buildSettings = {
				ASSETCATALOG_COMPILER_APPICON_NAME = AppIcon;
				CODE_SIGN_STYLE = Automatic;
				DEVELOPMENT_TEAM = 6S4EWJH888;
				INFOPLIST_FILE = wowsAssistant/Info.plist;
				LD_RUNPATH_SEARCH_PATHS = (
					"$(inherited)",
					"@executable_path/Frameworks",
				);
				OTHER_SWIFT_FLAGS = "$(inherited) \"-D\" \"COCOAPODS\" -Xfrontend -warn-long-expression-type-checking=200 -Xfrontend -warn-long-function-bodies=200";
				PRODUCT_BUNDLE_IDENTIFIER = edu.stevens.xinzou.wowsAssistant;
				PRODUCT_NAME = "$(TARGET_NAME)";
				SWIFT_VERSION = 4.2;
				TARGETED_DEVICE_FAMILY = "1,2";
			};
			name = Debug;
		};
		66F0E37C21EAA2C2003D1023 /* Release */ = {
			isa = XCBuildConfiguration;
			baseConfigurationReference = FFC3BFB9504A1BAD323B2F6C /* Pods-wowsAssistant.release.xcconfig */;
			buildSettings = {
				ASSETCATALOG_COMPILER_APPICON_NAME = AppIcon;
				CODE_SIGN_STYLE = Automatic;
				DEVELOPMENT_TEAM = 6S4EWJH888;
				INFOPLIST_FILE = wowsAssistant/Info.plist;
				LD_RUNPATH_SEARCH_PATHS = (
					"$(inherited)",
					"@executable_path/Frameworks",
				);
				PRODUCT_BUNDLE_IDENTIFIER = edu.stevens.xinzou.wowsAssistant;
				PRODUCT_NAME = "$(TARGET_NAME)";
				SWIFT_VERSION = 4.2;
				TARGETED_DEVICE_FAMILY = "1,2";
			};
			name = Release;
		};
/* End XCBuildConfiguration section */

/* Begin XCConfigurationList section */
		66DEDCF522132AB800278049 /* Build configuration list for PBXNativeTarget "wowsAssistantTests" */ = {
			isa = XCConfigurationList;
			buildConfigurations = (
				66DEDCF622132AB800278049 /* Debug */,
				66DEDCF722132AB800278049 /* Release */,
			);
			defaultConfigurationIsVisible = 0;
			defaultConfigurationName = Release;
		};
		66F0E36021EAA2C1003D1023 /* Build configuration list for PBXProject "wowsAssistant" */ = {
			isa = XCConfigurationList;
			buildConfigurations = (
				66F0E37821EAA2C2003D1023 /* Debug */,
				66F0E37921EAA2C2003D1023 /* Release */,
			);
			defaultConfigurationIsVisible = 0;
			defaultConfigurationName = Release;
		};
		66F0E37A21EAA2C2003D1023 /* Build configuration list for PBXNativeTarget "wowsAssistant" */ = {
			isa = XCConfigurationList;
			buildConfigurations = (
				66F0E37B21EAA2C2003D1023 /* Debug */,
				66F0E37C21EAA2C2003D1023 /* Release */,
			);
			defaultConfigurationIsVisible = 0;
			defaultConfigurationName = Release;
		};
/* End XCConfigurationList section */

/* Begin XCVersionGroup section */
		66ED359B21FE66E800D493D9 /* wowsAssistant.xcdatamodeld */ = {
			isa = XCVersionGroup;
			children = (
				66ED359C21FE66E800D493D9 /* wowsAssistant.xcdatamodel */,
			);
			currentVersion = 66ED359C21FE66E800D493D9 /* wowsAssistant.xcdatamodel */;
			path = wowsAssistant.xcdatamodeld;
			sourceTree = "<group>";
			versionGroupType = wrapper.xcdatamodel;
		};
/* End XCVersionGroup section */
	};
	rootObject = 66F0E35D21EAA2C1003D1023 /* Project object */;
}
